
Microsoft Visual Studio Solution File, Format Version 12.00
# Visual Studio 15
VisualStudioVersion = 15.0.26430.15
MinimumVisualStudioVersion = 10.0.40219.1
Project("{FAE04EC0-301F-11D3-BF4B-00C04F79EFBC}") = "TrackerLibrary", "TrackerLibrary\TrackerLibrary.csproj", "{482E2A8C-C21B-4298-B5C7-06027AB5A807}"
EndProject
Project("{FAE04EC0-301F-11D3-BF4B-00C04F79EFBC}") = "TrackerUI", "TrackerUI\TrackerUI.csproj", "{8C9056E4-B0B9-469E-A25D-ABCFCFE5DB4F}"
EndProject
Global
	GlobalSection(SolutionConfigurationPlatforms) = preSolution
		Debug|Any CPU = Debug|Any CPU
		Release|Any CPU = Release|Any CPU
	EndGlobalSection
	GlobalSection(ProjectConfigurationPlatforms) = postSolution
		{482E2A8C-C21B-4298-B5C7-06027AB5A807}.Debug|Any CPU.ActiveCfg = Debug|Any CPU
		{482E2A8C-C21B-4298-B5C7-06027AB5A807}.Debug|Any CPU.Build.0 = Debug|Any CPU
		{482E2A8C-C21B-4298-B5C7-06027AB5A807}.Release|Any CPU.ActiveCfg = Release|Any CPU
		{482E2A8C-C21B-4298-B5C7-06027AB5A807}.Release|Any CPU.Build.0 = Release|Any CPU
		{8C9056E4-B0B9-469E-A25D-ABCFCFE5DB4F}.Debug|Any CPU.ActiveCfg = Debug|Any CPU
		{8C9056E4-B0B9-469E-A25D-ABCFCFE5DB4F}.Debug|Any CPU.Build.0 = Debug|Any CPU
		{8C9056E4-B0B9-469E-A25D-ABCFCFE5DB4F}.Release|Any CPU.ActiveCfg = Release|Any CPU
		{8C9056E4-B0B9-469E-A25D-ABCFCFE5DB4F}.Release|Any CPU.Build.0 = Release|Any CPU
	EndGlobalSection
	GlobalSection(SolutionProperties) = preSolution
		HideSolutionNode = FALSE
	EndGlobalSection
EndGlobal
