
Microsoft Visual Studio Solution File, Format Version 12.00
# Visual Studio 15
VisualStudioVersion = 15.0.26730.10
MinimumVisualStudioVersion = 10.0.40219.1
Project("{FAE04EC0-301F-11D3-BF4B-00C04F79EFBC}") = "TrackerUI", "TrackerUI\TrackerUI.csproj", "{8C9056E4-B0B9-469E-A25D-ABCFCFE5DB4F}"
EndProject
Project("{FAE04EC0-301F-11D3-BF4B-00C04F79EFBC}") = "TrackerLibrary", "TrackerLibrary\TrackerLibrary.csproj", "{CCBEF864-840C-40DB-98F2-2ECE62F6DDD9}"
EndProject
Global
	GlobalSection(SolutionConfigurationPlatforms) = preSolution
		Debug|Any CPU = Debug|Any CPU
		Release|Any CPU = Release|Any CPU
	EndGlobalSection
	GlobalSection(ProjectConfigurationPlatforms) = postSolution
		{8C9056E4-B0B9-469E-A25D-ABCFCFE5DB4F}.Debug|Any CPU.ActiveCfg = Debug|Any CPU
		{8C9056E4-B0B9-469E-A25D-ABCFCFE5DB4F}.Debug|Any CPU.Build.0 = Debug|Any CPU
		{8C9056E4-B0B9-469E-A25D-ABCFCFE5DB4F}.Release|Any CPU.ActiveCfg = Release|Any CPU
		{8C9056E4-B0B9-469E-A25D-ABCFCFE5DB4F}.Release|Any CPU.Build.0 = Release|Any CPU
		{CCBEF864-840C-40DB-98F2-2ECE62F6DDD9}.Debug|Any CPU.ActiveCfg = Debug|Any CPU
		{CCBEF864-840C-40DB-98F2-2ECE62F6DDD9}.Debug|Any CPU.Build.0 = Debug|Any CPU
		{CCBEF864-840C-40DB-98F2-2ECE62F6DDD9}.Release|Any CPU.ActiveCfg = Release|Any CPU
		{CCBEF864-840C-40DB-98F2-2ECE62F6DDD9}.Release|Any CPU.Build.0 = Release|Any CPU
	EndGlobalSection
	GlobalSection(SolutionProperties) = preSolution
		HideSolutionNode = FALSE
	EndGlobalSection
	GlobalSection(ExtensibilityGlobals) = postSolution
		SolutionGuid = {F8396CB5-5935-41FA-B690-439F9AF50C16}
	EndGlobalSection
EndGlobal
